# generated by rye
# use `rye lock` or `rye sync` to update this lockfile
#
# last locked with the following flags:
#   pre: false
#   features: []
#   all-features: false

-e file:.
altgraph==0.17.4
astroid==3.0.1
background==0.2.1
black==23.11.0
blinker==1.7.0
certifi==2023.7.22
charset-normalizer==3.3.2
click==8.1.7
coverage==6.5.0
coveralls==3.3.1
dill==0.3.7
docopt==0.6.2
exceptiongroup==1.1.3
flask==3.0.0
idna==3.4
iniconfig==2.0.0
isort==5.12.0
itsdangerous==2.1.2
jinja2==3.1.2
markdown==3.5.1
markupsafe==2.1.3
mccabe==0.7.0
mypy==1.6.1
mypy-extensions==1.0.0
packaging==23.2
pathspec==0.11.2
platformdirs==3.11.0
pluggy==1.3.0
pydal==20230521.1
pyinstaller==6.1.0
pyinstaller-hooks-contrib==2023.10
pylint==3.0.2
pyrss2gen==1.1
pytest==7.4.3
pytest-cov==4.1.0
requests==2.31.0
tomli==2.0.1
tomlkit==0.12.2
types-markdown==3.5.0.1
typing-extensions==4.8.0
urllib3==2.0.7
werkzeug==3.0.1
# The following packages are considered to be unsafe in a requirements file:
setuptools==68.2.2
